
Microsoft Visual Studio Solution File, Format Version 12.00
# Visual Studio Version 17
VisualStudioVersion = 17.8.34330.188
MinimumVisualStudioVersion = 10.0.40219.1
Project("{FAE04EC0-301F-11D3-BF4B-00C04F79EFBC}") = "DayXXCode", "DayXXCode\DayXXCode.csproj", "{247327A5-5B9F-4003-BCAF-53F96C756347}"
EndProject
Project("{FAE04EC0-301F-11D3-BF4B-00C04F79EFBC}") = "DayXXTest", "DayXXTest\DayXXTest.csproj", "{CDD3422C-A834-4793-8B48-92253A1CF87B}"
EndProject
Global
	GlobalSection(SolutionConfigurationPlatforms) = preSolution
		Debug|Any CPU = Debug|Any CPU
		Release|Any CPU = Release|Any CPU
	EndGlobalSection
	GlobalSection(ProjectConfigurationPlatforms) = postSolution
		{247327A5-5B9F-4003-BCAF-53F96C756347}.Debug|Any CPU.ActiveCfg = Debug|Any CPU
		{247327A5-5B9F-4003-BCAF-53F96C756347}.Debug|Any CPU.Build.0 = Debug|Any CPU
		{247327A5-5B9F-4003-BCAF-53F96C756347}.Release|Any CPU.ActiveCfg = Release|Any CPU
		{247327A5-5B9F-4003-BCAF-53F96C756347}.Release|Any CPU.Build.0 = Release|Any CPU
		{CDD3422C-A834-4793-8B48-92253A1CF87B}.Debug|Any CPU.ActiveCfg = Debug|Any CPU
		{CDD3422C-A834-4793-8B48-92253A1CF87B}.Debug|Any CPU.Build.0 = Debug|Any CPU
		{CDD3422C-A834-4793-8B48-92253A1CF87B}.Release|Any CPU.ActiveCfg = Release|Any CPU
		{CDD3422C-A834-4793-8B48-92253A1CF87B}.Release|Any CPU.Build.0 = Release|Any CPU
	EndGlobalSection
	GlobalSection(SolutionProperties) = preSolution
		HideSolutionNode = FALSE
	EndGlobalSection
	GlobalSection(ExtensibilityGlobals) = postSolution
		SolutionGuid = {BF71EBF7-870F-4FE5-9E76-374D5AF94B2E}
	EndGlobalSection
EndGlobal
